
Microsoft Visual Studio Solution File, Format Version 12.00
# Visual Studio Version 17
VisualStudioVersion = 17.14.36310.24
MinimumVisualStudioVersion = 10.0.40219.1
Project("{FAE04EC0-301F-11D3-BF4B-00C04F79EFBC}") = "GameEngine.Physics", "GameEngine.Physics\GameEngine.Physics.csproj", "{9FAAF9F1-7969-49BF-9DCF-B65AA185E6ED}"
EndProject
Project("{FAE04EC0-301F-11D3-BF4B-00C04F79EFBC}") = "GameEngine.Gameplay", "GameEngine.Gameplay\GameEngine.Gameplay.csproj", "{7D510E3B-94F5-47F1-8611-A5F64563CF28}"
EndProject
Project("{FAE04EC0-301F-11D3-BF4B-00C04F79EFBC}") = "GameEngine.Graphics", "GameEngine.Graphics\GameEngine.Graphics.csproj", "{BC2B770B-024B-4ABF-9FB5-A9B46B44F9B9}"
EndProject
Project("{FAE04EC0-301F-11D3-BF4B-00C04F79EFBC}") = "GameEngine.IO", "GameEngine.IO\GameEngine.IO.csproj", "{6B286D20-4F67-419C-A1D2-56B48361B2E4}"
EndProject
Project("{FAE04EC0-301F-11D3-BF4B-00C04F79EFBC}") = "GameEnginePlayground", "GameEnginePlayground\GameEnginePlayground.csproj", "{1B434E5E-12CC-48DF-B0A1-99A06D46FB43}"
EndProject
Project("{FAE04EC0-301F-11D3-BF4B-00C04F79EFBC}") = "GameEngine.Common", "GameEngine.Common\GameEngine.Common.csproj", "{2D73D0B3-B2E8-483C-BDC8-12AF6D9CC799}"
EndProject
Project("{FAE04EC0-301F-11D3-BF4B-00C04F79EFBC}") = "GameEngine.ContentPipeline", "GameEngine.ContentPipeline\GameEngine.ContentPipeline.csproj", "{3C6D5B1E-1700-4083-BC4B-967BD9D93F0D}"
EndProject
Project("{FAE04EC0-301F-11D3-BF4B-00C04F79EFBC}") = "GameEngine.Tools", "GameEngine.Tools\GameEngine.Tools.csproj", "{20F8036B-025D-4697-AD12-10D62B01B928}"
EndProject
Global
	GlobalSection(SolutionConfigurationPlatforms) = preSolution
		Debug|Any CPU = Debug|Any CPU
		Release|Any CPU = Release|Any CPU
	EndGlobalSection
	GlobalSection(ProjectConfigurationPlatforms) = postSolution
		{9FAAF9F1-7969-49BF-9DCF-B65AA185E6ED}.Debug|Any CPU.ActiveCfg = Debug|Any CPU
		{9FAAF9F1-7969-49BF-9DCF-B65AA185E6ED}.Debug|Any CPU.Build.0 = Debug|Any CPU
		{9FAAF9F1-7969-49BF-9DCF-B65AA185E6ED}.Release|Any CPU.ActiveCfg = Release|Any CPU
		{9FAAF9F1-7969-49BF-9DCF-B65AA185E6ED}.Release|Any CPU.Build.0 = Release|Any CPU
		{7D510E3B-94F5-47F1-8611-A5F64563CF28}.Debug|Any CPU.ActiveCfg = Debug|Any CPU
		{7D510E3B-94F5-47F1-8611-A5F64563CF28}.Debug|Any CPU.Build.0 = Debug|Any CPU
		{7D510E3B-94F5-47F1-8611-A5F64563CF28}.Release|Any CPU.ActiveCfg = Release|Any CPU
		{7D510E3B-94F5-47F1-8611-A5F64563CF28}.Release|Any CPU.Build.0 = Release|Any CPU
		{BC2B770B-024B-4ABF-9FB5-A9B46B44F9B9}.Debug|Any CPU.ActiveCfg = Debug|Any CPU
		{BC2B770B-024B-4ABF-9FB5-A9B46B44F9B9}.Debug|Any CPU.Build.0 = Debug|Any CPU
		{BC2B770B-024B-4ABF-9FB5-A9B46B44F9B9}.Release|Any CPU.ActiveCfg = Release|Any CPU
		{BC2B770B-024B-4ABF-9FB5-A9B46B44F9B9}.Release|Any CPU.Build.0 = Release|Any CPU
		{6B286D20-4F67-419C-A1D2-56B48361B2E4}.Debug|Any CPU.ActiveCfg = Debug|Any CPU
		{6B286D20-4F67-419C-A1D2-56B48361B2E4}.Debug|Any CPU.Build.0 = Debug|Any CPU
		{6B286D20-4F67-419C-A1D2-56B48361B2E4}.Release|Any CPU.ActiveCfg = Release|Any CPU
		{6B286D20-4F67-419C-A1D2-56B48361B2E4}.Release|Any CPU.Build.0 = Release|Any CPU
		{1B434E5E-12CC-48DF-B0A1-99A06D46FB43}.Debug|Any CPU.ActiveCfg = Debug|Any CPU
		{1B434E5E-12CC-48DF-B0A1-99A06D46FB43}.Debug|Any CPU.Build.0 = Debug|Any CPU
		{1B434E5E-12CC-48DF-B0A1-99A06D46FB43}.Release|Any CPU.ActiveCfg = Release|Any CPU
		{1B434E5E-12CC-48DF-B0A1-99A06D46FB43}.Release|Any CPU.Build.0 = Release|Any CPU
		{2D73D0B3-B2E8-483C-BDC8-12AF6D9CC799}.Debug|Any CPU.ActiveCfg = Debug|Any CPU
		{2D73D0B3-B2E8-483C-BDC8-12AF6D9CC799}.Debug|Any CPU.Build.0 = Debug|Any CPU
		{2D73D0B3-B2E8-483C-BDC8-12AF6D9CC799}.Release|Any CPU.ActiveCfg = Release|Any CPU
		{2D73D0B3-B2E8-483C-BDC8-12AF6D9CC799}.Release|Any CPU.Build.0 = Release|Any CPU
		{3C6D5B1E-1700-4083-BC4B-967BD9D93F0D}.Debug|Any CPU.ActiveCfg = Debug|Any CPU
		{3C6D5B1E-1700-4083-BC4B-967BD9D93F0D}.Debug|Any CPU.Build.0 = Debug|Any CPU
		{3C6D5B1E-1700-4083-BC4B-967BD9D93F0D}.Release|Any CPU.ActiveCfg = Release|Any CPU
		{3C6D5B1E-1700-4083-BC4B-967BD9D93F0D}.Release|Any CPU.Build.0 = Release|Any CPU
		{20F8036B-025D-4697-AD12-10D62B01B928}.Debug|Any CPU.ActiveCfg = Debug|Any CPU
		{20F8036B-025D-4697-AD12-10D62B01B928}.Debug|Any CPU.Build.0 = Debug|Any CPU
		{20F8036B-025D-4697-AD12-10D62B01B928}.Release|Any CPU.ActiveCfg = Release|Any CPU
		{20F8036B-025D-4697-AD12-10D62B01B928}.Release|Any CPU.Build.0 = Release|Any CPU
	EndGlobalSection
	GlobalSection(SolutionProperties) = preSolution
		HideSolutionNode = FALSE
	EndGlobalSection
	GlobalSection(ExtensibilityGlobals) = postSolution
		SolutionGuid = {E56FA200-AF70-494B-8F85-4FD4C276A6B7}
	EndGlobalSection
EndGlobal
